// !$*UTF8*$!
{
	archiveVersion = 1;
	classes = {
	};
	objectVersion = 48;
	objects = {

/* Begin PBXBuildFile section */
		CA058C8A202CB8D800D7DCCC /* AppDelegate.swift in Sources */ = {isa = PBXBuildFile; fileRef = CA058C89202CB8D800D7DCCC /* AppDelegate.swift */; };
		CA058C8C202CB8D800D7DCCC /* FoodListVC.swift in Sources */ = {isa = PBXBuildFile; fileRef = CA058C8B202CB8D800D7DCCC /* FoodListVC.swift */; };
		CA058C8F202CB8D800D7DCCC /* Main.storyboard in Resources */ = {isa = PBXBuildFile; fileRef = CA058C8D202CB8D800D7DCCC /* Main.storyboard */; };
		CA058C91202CB8D800D7DCCC /* Assets.xcassets in Resources */ = {isa = PBXBuildFile; fileRef = CA058C90202CB8D800D7DCCC /* Assets.xcassets */; };
		CA058C94202CB8D800D7DCCC /* LaunchScreen.storyboard in Resources */ = {isa = PBXBuildFile; fileRef = CA058C92202CB8D800D7DCCC /* LaunchScreen.storyboard */; };
		CA058C9F202CB93800D7DCCC /* CoreDataManager.swift in Sources */ = {isa = PBXBuildFile; fileRef = CA058C9E202CB93800D7DCCC /* CoreDataManager.swift */; };
		CA058CA4202CBDD000D7DCCC /* FoodItems.xcdatamodeld in Sources */ = {isa = PBXBuildFile; fileRef = CA058CA2202CBDD000D7DCCC /* FoodItems.xcdatamodeld */; };
		CA058CA8202CBFAF00D7DCCC /* UIColor+ColorScheme.swift in Sources */ = {isa = PBXBuildFile; fileRef = CA058CA7202CBFAF00D7DCCC /* UIColor+ColorScheme.swift */; };
		CA058CAB202CC8E800D7DCCC /* UIView+RoundedCorners.swift in Sources */ = {isa = PBXBuildFile; fileRef = CA058CAA202CC8E800D7DCCC /* UIView+RoundedCorners.swift */; };
		CA058CAD202CC9F300D7DCCC /* FoodEditorVC.swift in Sources */ = {isa = PBXBuildFile; fileRef = CA058CAC202CC9F300D7DCCC /* FoodEditorVC.swift */; };
		CA058CB0202CCD8300D7DCCC /* FoodItemCell.swift in Sources */ = {isa = PBXBuildFile; fileRef = CA058CAF202CCD8300D7DCCC /* FoodItemCell.swift */; };
		CA058CB4202CD0FF00D7DCCC /* ReusableView.swift in Sources */ = {isa = PBXBuildFile; fileRef = CA058CB3202CD0FF00D7DCCC /* ReusableView.swift */; };
		CA058CB7202CE3EC00D7DCCC /* FoodData.json in Resources */ = {isa = PBXBuildFile; fileRef = CA058CB6202CE3EC00D7DCCC /* FoodData.json */; };
		CA058CB9202CE41900D7DCCC /* FoodDataLoader.swift in Sources */ = {isa = PBXBuildFile; fileRef = CA058CB8202CE41900D7DCCC /* FoodDataLoader.swift */; };
/* End PBXBuildFile section */

/* Begin PBXFileReference section */
		CA058C86202CB8D800D7DCCC /* OxalateMate.app */ = {isa = PBXFileReference; explicitFileType = wrapper.application; includeInIndex = 0; path = OxalateMate.app; sourceTree = BUILT_PRODUCTS_DIR; };
		CA058C89202CB8D800D7DCCC /* AppDelegate.swift */ = {isa = PBXFileReference; lastKnownFileType = sourcecode.swift; path = AppDelegate.swift; sourceTree = "<group>"; };
		CA058C8B202CB8D800D7DCCC /* FoodListVC.swift */ = {isa = PBXFileReference; lastKnownFileType = sourcecode.swift; path = FoodListVC.swift; sourceTree = "<group>"; };
		CA058C8E202CB8D800D7DCCC /* Base */ = {isa = PBXFileReference; lastKnownFileType = file.storyboard; name = Base; path = Base.lproj/Main.storyboard; sourceTree = "<group>"; };
		CA058C90202CB8D800D7DCCC /* Assets.xcassets */ = {isa = PBXFileReference; lastKnownFileType = folder.assetcatalog; path = Assets.xcassets; sourceTree = "<group>"; };
		CA058C93202CB8D800D7DCCC /* Base */ = {isa = PBXFileReference; lastKnownFileType = file.storyboard; name = Base; path = Base.lproj/LaunchScreen.storyboard; sourceTree = "<group>"; };
		CA058C95202CB8D800D7DCCC /* Info.plist */ = {isa = PBXFileReference; lastKnownFileType = text.plist.xml; path = Info.plist; sourceTree = "<group>"; };
		CA058C9E202CB93800D7DCCC /* CoreDataManager.swift */ = {isa = PBXFileReference; lastKnownFileType = sourcecode.swift; path = CoreDataManager.swift; sourceTree = "<group>"; };
		CA058CA3202CBDD000D7DCCC /* FoodItems.xcdatamodel */ = {isa = PBXFileReference; lastKnownFileType = wrapper.xcdatamodel; path = FoodItems.xcdatamodel; sourceTree = "<group>"; };
		CA058CA7202CBFAF00D7DCCC /* UIColor+ColorScheme.swift */ = {isa = PBXFileReference; lastKnownFileType = sourcecode.swift; path = "UIColor+ColorScheme.swift"; sourceTree = "<group>"; };
		CA058CAA202CC8E800D7DCCC /* UIView+RoundedCorners.swift */ = {isa = PBXFileReference; lastKnownFileType = sourcecode.swift; path = "UIView+RoundedCorners.swift"; sourceTree = "<group>"; };
		CA058CAC202CC9F300D7DCCC /* FoodEditorVC.swift */ = {isa = PBXFileReference; lastKnownFileType = sourcecode.swift; path = FoodEditorVC.swift; sourceTree = "<group>"; };
		CA058CAF202CCD8300D7DCCC /* FoodItemCell.swift */ = {isa = PBXFileReference; lastKnownFileType = sourcecode.swift; path = FoodItemCell.swift; sourceTree = "<group>"; };
		CA058CB3202CD0FF00D7DCCC /* ReusableView.swift */ = {isa = PBXFileReference; lastKnownFileType = sourcecode.swift; path = ReusableView.swift; sourceTree = "<group>"; };
		CA058CB6202CE3EC00D7DCCC /* FoodData.json */ = {isa = PBXFileReference; fileEncoding = 4; lastKnownFileType = text.json; path = FoodData.json; sourceTree = "<group>"; };
		CA058CB8202CE41900D7DCCC /* FoodDataLoader.swift */ = {isa = PBXFileReference; lastKnownFileType = sourcecode.swift; path = FoodDataLoader.swift; sourceTree = "<group>"; };
/* End PBXFileReference section */

/* Begin PBXFrameworksBuildPhase section */
		CA058C83202CB8D800D7DCCC /* Frameworks */ = {
			isa = PBXFrameworksBuildPhase;
			buildActionMask = 2147483647;
			files = (
			);
			runOnlyForDeploymentPostprocessing = 0;
		};
/* End PBXFrameworksBuildPhase section */

/* Begin PBXGroup section */
		CA058C7D202CB8D800D7DCCC = {
			isa = PBXGroup;
			children = (
				CA058C88202CB8D800D7DCCC /* OxalateMate */,
				CA058C87202CB8D800D7DCCC /* Products */,
			);
			sourceTree = "<group>";
		};
		CA058C87202CB8D800D7DCCC /* Products */ = {
			isa = PBXGroup;
			children = (
				CA058C86202CB8D800D7DCCC /* OxalateMate.app */,
			);
			name = Products;
			sourceTree = "<group>";
		};
		CA058C88202CB8D800D7DCCC /* OxalateMate */ = {
			isa = PBXGroup;
			children = (
				CA058CB5202CE3DA00D7DCCC /* Data */,
				CA058CB2202CD0E900D7DCCC /* Extensions */,
				CA058CA5202CBF8B00D7DCCC /* Theme */,
				CA058C9D202CB92200D7DCCC /* Core Data */,
				CA058C9C202CB91A00D7DCCC /* View */,
				CA058C9B202CB90F00D7DCCC /* Controller */,
				CA058C89202CB8D800D7DCCC /* AppDelegate.swift */,
				CA058C8D202CB8D800D7DCCC /* Main.storyboard */,
				CA058C90202CB8D800D7DCCC /* Assets.xcassets */,
				CA058C92202CB8D800D7DCCC /* LaunchScreen.storyboard */,
				CA058C95202CB8D800D7DCCC /* Info.plist */,
			);
			path = OxalateMate;
			sourceTree = "<group>";
		};
		CA058C9B202CB90F00D7DCCC /* Controller */ = {
			isa = PBXGroup;
			children = (
				CA058C8B202CB8D800D7DCCC /* FoodListVC.swift */,
				CA058CAC202CC9F300D7DCCC /* FoodEditorVC.swift */,
			);
			path = Controller;
			sourceTree = "<group>";
		};
		CA058C9C202CB91A00D7DCCC /* View */ = {
			isa = PBXGroup;
			children = (
				CA058CAE202CCD6400D7DCCC /* TableViewCells */,
				CA058CA9202CC8C700D7DCCC /* UIView Extensions */,
			);
			path = View;
			sourceTree = "<group>";
		};
		CA058C9D202CB92200D7DCCC /* Core Data */ = {
			isa = PBXGroup;
			children = (
				CA058CA1202CBDAF00D7DCCC /* Model */,
				CA058CA0202CBDA500D7DCCC /* Manager */,
			);
			path = "Core Data";
			sourceTree = "<group>";
		};
		CA058CA0202CBDA500D7DCCC /* Manager */ = {
			isa = PBXGroup;
			children = (
				CA058C9E202CB93800D7DCCC /* CoreDataManager.swift */,
			);
			path = Manager;
			sourceTree = "<group>";
		};
		CA058CA1202CBDAF00D7DCCC /* Model */ = {
			isa = PBXGroup;
			children = (
				CA058CA2202CBDD000D7DCCC /* FoodItems.xcdatamodeld */,
			);
			path = Model;
			sourceTree = "<group>";
		};
		CA058CA5202CBF8B00D7DCCC /* Theme */ = {
			isa = PBXGroup;
			children = (
				CA058CA6202CBF9D00D7DCCC /* Color Scheme */,
			);
			path = Theme;
			sourceTree = "<group>";
		};
		CA058CA6202CBF9D00D7DCCC /* Color Scheme */ = {
			isa = PBXGroup;
			children = (
				CA058CA7202CBFAF00D7DCCC /* UIColor+ColorScheme.swift */,
			);
			path = "Color Scheme";
			sourceTree = "<group>";
		};
		CA058CA9202CC8C700D7DCCC /* UIView Extensions */ = {
			isa = PBXGroup;
			children = (
				CA058CAA202CC8E800D7DCCC /* UIView+RoundedCorners.swift */,
			);
			path = "UIView Extensions";
			sourceTree = "<group>";
		};
		CA058CAE202CCD6400D7DCCC /* TableViewCells */ = {
			isa = PBXGroup;
			children = (
				CA058CAF202CCD8300D7DCCC /* FoodItemCell.swift */,
			);
			path = TableViewCells;
			sourceTree = "<group>";
		};
		CA058CB2202CD0E900D7DCCC /* Extensions */ = {
			isa = PBXGroup;
			children = (
				CA058CB3202CD0FF00D7DCCC /* ReusableView.swift */,
			);
			path = Extensions;
			sourceTree = "<group>";
		};
		CA058CB5202CE3DA00D7DCCC /* Data */ = {
			isa = PBXGroup;
			children = (
				CA058CB6202CE3EC00D7DCCC /* FoodData.json */,
				CA058CB8202CE41900D7DCCC /* FoodDataLoader.swift */,
			);
			path = Data;
			sourceTree = "<group>";
		};
/* End PBXGroup section */

/* Begin PBXNativeTarget section */
		CA058C85202CB8D800D7DCCC /* OxalateMate */ = {
			isa = PBXNativeTarget;
			buildConfigurationList = CA058C98202CB8D800D7DCCC /* Build configuration list for PBXNativeTarget "OxalateMate" */;
			buildPhases = (
				CA058C82202CB8D800D7DCCC /* Sources */,
				CA058C83202CB8D800D7DCCC /* Frameworks */,
				CA058C84202CB8D800D7DCCC /* Resources */,
			);
			buildRules = (
			);
			dependencies = (
			);
			name = OxalateMate;
			productName = OxalateMate;
			productReference = CA058C86202CB8D800D7DCCC /* OxalateMate.app */;
			productType = "com.apple.product-type.application";
		};
/* End PBXNativeTarget section */

/* Begin PBXProject section */
		CA058C7E202CB8D800D7DCCC /* Project object */ = {
			isa = PBXProject;
			attributes = {
				LastSwiftUpdateCheck = 0920;
				LastUpgradeCheck = 0920;
				ORGANIZATIONNAME = "Justin Erickson";
				TargetAttributes = {
					CA058C85202CB8D800D7DCCC = {
						CreatedOnToolsVersion = 9.2;
						ProvisioningStyle = Automatic;
					};
				};
			};
			buildConfigurationList = CA058C81202CB8D800D7DCCC /* Build configuration list for PBXProject "OxalateMate" */;
			compatibilityVersion = "Xcode 8.0";
			developmentRegion = en;
			hasScannedForEncodings = 0;
			knownRegions = (
				en,
				Base,
			);
			mainGroup = CA058C7D202CB8D800D7DCCC;
			productRefGroup = CA058C87202CB8D800D7DCCC /* Products */;
			projectDirPath = "";
			projectRoot = "";
			targets = (
				CA058C85202CB8D800D7DCCC /* OxalateMate */,
			);
		};
/* End PBXProject section */

/* Begin PBXResourcesBuildPhase section */
		CA058C84202CB8D800D7DCCC /* Resources */ = {
			isa = PBXResourcesBuildPhase;
			buildActionMask = 2147483647;
			files = (
				CA058C94202CB8D800D7DCCC /* LaunchScreen.storyboard in Resources */,
				CA058C91202CB8D800D7DCCC /* Assets.xcassets in Resources */,
				CA058C8F202CB8D800D7DCCC /* Main.storyboard in Resources */,
				CA058CB7202CE3EC00D7DCCC /* FoodData.json in Resources */,
			);
			runOnlyForDeploymentPostprocessing = 0;
		};
/* End PBXResourcesBuildPhase section */

/* Begin PBXSourcesBuildPhase section */
		CA058C82202CB8D800D7DCCC /* Sources */ = {
			isa = PBXSourcesBuildPhase;
			buildActionMask = 2147483647;
			files = (
				CA058CB4202CD0FF00D7DCCC /* ReusableView.swift in Sources */,
				CA058CA8202CBFAF00D7DCCC /* UIColor+ColorScheme.swift in Sources */,
				CA058CA4202CBDD000D7DCCC /* FoodItems.xcdatamodeld in Sources */,
				CA058C9F202CB93800D7DCCC /* CoreDataManager.swift in Sources */,
				CA058CB9202CE41900D7DCCC /* FoodDataLoader.swift in Sources */,
				CA058CAD202CC9F300D7DCCC /* FoodEditorVC.swift in Sources */,
				CA058CB0202CCD8300D7DCCC /* FoodItemCell.swift in Sources */,
				CA058CAB202CC8E800D7DCCC /* UIView+RoundedCorners.swift in Sources */,
				CA058C8C202CB8D800D7DCCC /* FoodListVC.swift in Sources */,
				CA058C8A202CB8D800D7DCCC /* AppDelegate.swift in Sources */,
			);
			runOnlyForDeploymentPostprocessing = 0;
		};
/* End PBXSourcesBuildPhase section */

/* Begin PBXVariantGroup section */
		CA058C8D202CB8D800D7DCCC /* Main.storyboard */ = {
			isa = PBXVariantGroup;
			children = (
				CA058C8E202CB8D800D7DCCC /* Base */,
			);
			name = Main.storyboard;
			sourceTree = "<group>";
		};
		CA058C92202CB8D800D7DCCC /* LaunchScreen.storyboard */ = {
			isa = PBXVariantGroup;
			children = (
				CA058C93202CB8D800D7DCCC /* Base */,
			);
			name = LaunchScreen.storyboard;
			sourceTree = "<group>";
		};
/* End PBXVariantGroup section */

/* Begin XCBuildConfiguration section */
		CA058C96202CB8D800D7DCCC /* Debug */ = {
			isa = XCBuildConfiguration;
			buildSettings = {
				ALWAYS_SEARCH_USER_PATHS = NO;
				CLANG_ANALYZER_NONNULL = YES;
				CLANG_ANALYZER_NUMBER_OBJECT_CONVERSION = YES_AGGRESSIVE;
				CLANG_CXX_LANGUAGE_STANDARD = "gnu++14";
				CLANG_CXX_LIBRARY = "libc++";
				CLANG_ENABLE_MODULES = YES;
				CLANG_ENABLE_OBJC_ARC = YES;
				CLANG_WARN_BLOCK_CAPTURE_AUTORELEASING = YES;
				CLANG_WARN_BOOL_CONVERSION = YES;
				CLANG_WARN_COMMA = YES;
				CLANG_WARN_CONSTANT_CONVERSION = YES;
				CLANG_WARN_DIRECT_OBJC_ISA_USAGE = YES_ERROR;
				CLANG_WARN_DOCUMENTATION_COMMENTS = YES;
				CLANG_WARN_EMPTY_BODY = YES;
				CLANG_WARN_ENUM_CONVERSION = YES;
				CLANG_WARN_INFINITE_RECURSION = YES;
				CLANG_WARN_INT_CONVERSION = YES;
				CLANG_WARN_NON_LITERAL_NULL_CONVERSION = YES;
				CLANG_WARN_OBJC_LITERAL_CONVERSION = YES;
				CLANG_WARN_OBJC_ROOT_CLASS = YES_ERROR;
				CLANG_WARN_RANGE_LOOP_ANALYSIS = YES;
				CLANG_WARN_STRICT_PROTOTYPES = YES;
				CLANG_WARN_SUSPICIOUS_MOVE = YES;
				CLANG_WARN_UNGUARDED_AVAILABILITY = YES_AGGRESSIVE;
				CLANG_WARN_UNREACHABLE_CODE = YES;
				CLANG_WARN__DUPLICATE_METHOD_MATCH = YES;
				CODE_SIGN_IDENTITY = "iPhone Developer";
				COPY_PHASE_STRIP = NO;
				DEBUG_INFORMATION_FORMAT = dwarf;
				ENABLE_STRICT_OBJC_MSGSEND = YES;
				ENABLE_TESTABILITY = YES;
				GCC_C_LANGUAGE_STANDARD = gnu11;
				GCC_DYNAMIC_NO_PIC = NO;
				GCC_NO_COMMON_BLOCKS = YES;
				GCC_OPTIMIZATION_LEVEL = 0;
				GCC_PREPROCESSOR_DEFINITIONS = (
					"DEBUG=1",
					"$(inherited)",
				);
				GCC_WARN_64_TO_32_BIT_CONVERSION = YES;
				GCC_WARN_ABOUT_RETURN_TYPE = YES_ERROR;
				GCC_WARN_UNDECLARED_SELECTOR = YES;
				GCC_WARN_UNINITIALIZED_AUTOS = YES_AGGRESSIVE;
				GCC_WARN_UNUSED_FUNCTION = YES;
				GCC_WARN_UNUSED_VARIABLE = YES;
				IPHONEOS_DEPLOYMENT_TARGET = 11.2;
				MTL_ENABLE_DEBUG_INFO = YES;
				ONLY_ACTIVE_ARCH = YES;
				SDKROOT = iphoneos;
				SWIFT_ACTIVE_COMPILATION_CONDITIONS = DEBUG;
				SWIFT_OPTIMIZATION_LEVEL = "-Onone";
			};
			name = Debug;
		};
		CA058C97202CB8D800D7DCCC /* Release */ = {
			isa = XCBuildConfiguration;
			buildSettings = {
				ALWAYS_SEARCH_USER_PATHS = NO;
				CLANG_ANALYZER_NONNULL = YES;
				CLANG_ANALYZER_NUMBER_OBJECT_CONVERSION = YES_AGGRESSIVE;
				CLANG_CXX_LANGUAGE_STANDARD = "gnu++14";
				CLANG_CXX_LIBRARY = "libc++";
				CLANG_ENABLE_MODULES = YES;
				CLANG_ENABLE_OBJC_ARC = YES;
				CLANG_WARN_BLOCK_CAPTURE_AUTORELEASING = YES;
				CLANG_WARN_BOOL_CONVERSION = YES;
				CLANG_WARN_COMMA = YES;
				CLANG_WARN_CONSTANT_CONVERSION = YES;
				CLANG_WARN_DIRECT_OBJC_ISA_USAGE = YES_ERROR;
				CLANG_WARN_DOCUMENTATION_COMMENTS = YES;
				CLANG_WARN_EMPTY_BODY = YES;
				CLANG_WARN_ENUM_CONVERSION = YES;
				CLANG_WARN_INFINITE_RECURSION = YES;
				CLANG_WARN_INT_CONVERSION = YES;
				CLANG_WARN_NON_LITERAL_NULL_CONVERSION = YES;
				CLANG_WARN_OBJC_LITERAL_CONVERSION = YES;
				CLANG_WARN_OBJC_ROOT_CLASS = YES_ERROR;
				CLANG_WARN_RANGE_LOOP_ANALYSIS = YES;
				CLANG_WARN_STRICT_PROTOTYPES = YES;
				CLANG_WARN_SUSPICIOUS_MOVE = YES;
				CLANG_WARN_UNGUARDED_AVAILABILITY = YES_AGGRESSIVE;
				CLANG_WARN_UNREACHABLE_CODE = YES;
				CLANG_WARN__DUPLICATE_METHOD_MATCH = YES;
				CODE_SIGN_IDENTITY = "iPhone Developer";
				COPY_PHASE_STRIP = NO;
				DEBUG_INFORMATION_FORMAT = "dwarf-with-dsym";
				ENABLE_NS_ASSERTIONS = NO;
				ENABLE_STRICT_OBJC_MSGSEND = YES;
				GCC_C_LANGUAGE_STANDARD = gnu11;
				GCC_NO_COMMON_BLOCKS = YES;
				GCC_WARN_64_TO_32_BIT_CONVERSION = YES;
				GCC_WARN_ABOUT_RETURN_TYPE = YES_ERROR;
				GCC_WARN_UNDECLARED_SELECTOR = YES;
				GCC_WARN_UNINITIALIZED_AUTOS = YES_AGGRESSIVE;
				GCC_WARN_UNUSED_FUNCTION = YES;
				GCC_WARN_UNUSED_VARIABLE = YES;
				IPHONEOS_DEPLOYMENT_TARGET = 11.2;
				MTL_ENABLE_DEBUG_INFO = NO;
				SDKROOT = iphoneos;
				SWIFT_OPTIMIZATION_LEVEL = "-Owholemodule";
				VALIDATE_PRODUCT = YES;
			};
			name = Release;
		};
		CA058C99202CB8D800D7DCCC /* Debug */ = {
			isa = XCBuildConfiguration;
			buildSettings = {
				ASSETCATALOG_COMPILER_APPICON_NAME = AppIcon;
				CODE_SIGN_STYLE = Automatic;
				DEVELOPMENT_TEAM = LCHZAHJK5X;
				INFOPLIST_FILE = OxalateMate/Info.plist;
				LD_RUNPATH_SEARCH_PATHS = "$(inherited) @executable_path/Frameworks";
				PRODUCT_BUNDLE_IDENTIFIER = com.JustinErickson.OxalateMate;
				PRODUCT_NAME = "$(TARGET_NAME)";
				SWIFT_VERSION = 4.0;
				TARGETED_DEVICE_FAMILY = "1,2";
			};
			name = Debug;
		};
		CA058C9A202CB8D800D7DCCC /* Release */ = {
			isa = XCBuildConfiguration;
			buildSettings = {
				ASSETCATALOG_COMPILER_APPICON_NAME = AppIcon;
				CODE_SIGN_STYLE = Automatic;
				DEVELOPMENT_TEAM = LCHZAHJK5X;
				INFOPLIST_FILE = OxalateMate/Info.plist;
				LD_RUNPATH_SEARCH_PATHS = "$(inherited) @executable_path/Frameworks";
				PRODUCT_BUNDLE_IDENTIFIER = com.JustinErickson.OxalateMate;
				PRODUCT_NAME = "$(TARGET_NAME)";
				SWIFT_VERSION = 4.0;
				TARGETED_DEVICE_FAMILY = "1,2";
			};
			name = Release;
		};
/* End XCBuildConfiguration section */

/* Begin XCConfigurationList section */
		CA058C81202CB8D800D7DCCC /* Build configuration list for PBXProject "OxalateMate" */ = {
			isa = XCConfigurationList;
			buildConfigurations = (
				CA058C96202CB8D800D7DCCC /* Debug */,
				CA058C97202CB8D800D7DCCC /* Release */,
			);
			defaultConfigurationIsVisible = 0;
			defaultConfigurationName = Release;
		};
		CA058C98202CB8D800D7DCCC /* Build configuration list for PBXNativeTarget "OxalateMate" */ = {
			isa = XCConfigurationList;
			buildConfigurations = (
				CA058C99202CB8D800D7DCCC /* Debug */,
				CA058C9A202CB8D800D7DCCC /* Release */,
			);
			defaultConfigurationIsVisible = 0;
			defaultConfigurationName = Release;
		};
/* End XCConfigurationList section */

/* Begin XCVersionGroup section */
		CA058CA2202CBDD000D7DCCC /* FoodItems.xcdatamodeld */ = {
			isa = XCVersionGroup;
			children = (
				CA058CA3202CBDD000D7DCCC /* FoodItems.xcdatamodel */,
			);
			currentVersion = CA058CA3202CBDD000D7DCCC /* FoodItems.xcdatamodel */;
			path = FoodItems.xcdatamodeld;
			sourceTree = "<group>";
			versionGroupType = wrapper.xcdatamodel;
		};
/* End XCVersionGroup section */
	};
	rootObject = CA058C7E202CB8D800D7DCCC /* Project object */;
}
